
Microsoft Visual Studio Solution File, Format Version 12.00
# Visual Studio Version 17
VisualStudioVersion = 17.7.34031.279
MinimumVisualStudioVersion = 10.0.40219.1
Project("{9A19103F-16F7-4668-BE54-9A1E7A4F7556}") = "01. Day of Week", "01. Day of Week\01. Day of Week.csproj", "{766E30B7-A1A0-4414-9325-FB60B6F78738}"
EndProject
Project("{FAE04EC0-301F-11D3-BF4B-00C04F79EFBC}") = "02. Weekend or Working Day", "02. Weekend or Working Day\02. Weekend or Working Day.csproj", "{075155F8-E10B-425C-B56C-8B7C4CF14FCA}"
EndProject
Project("{FAE04EC0-301F-11D3-BF4B-00C04F79EFBC}") = "03. Animal Type", "03. Animal Type\03. Animal Type.csproj", "{1E0CE148-CF46-45DD-B302-E8E9C290D07D}"
EndProject
Project("{FAE04EC0-301F-11D3-BF4B-00C04F79EFBC}") = "04. Personal Titles", "04. Personal Titles\04. Personal Titles.csproj", "{4BF28E1F-BD6C-4293-B63D-2F0A0E55D899}"
EndProject
Project("{FAE04EC0-301F-11D3-BF4B-00C04F79EFBC}") = "05. Small Shop", "05. Small Shop\05. Small Shop.csproj", "{82A8BCC5-4C5C-40E8-922A-02BA58D4DFD5}"
EndProject
Project("{FAE04EC0-301F-11D3-BF4B-00C04F79EFBC}") = "06. Number in Range", "06. Number in Range\06. Number in Range.csproj", "{75B6A07E-FB37-41DF-8E7E-2965DCFE6AFE}"
EndProject
Project("{FAE04EC0-301F-11D3-BF4B-00C04F79EFBC}") = "07. Working Hours", "07. Working Hours\07. Working Hours.csproj", "{B06EDD70-0B51-4174-B6EE-1C18224FFAE4}"
EndProject
Project("{FAE04EC0-301F-11D3-BF4B-00C04F79EFBC}") = "08. Cinema Ticket", "08. Cinema Ticket\08. Cinema Ticket.csproj", "{373C71AF-1F66-449A-B744-E73B659F8208}"
EndProject
Project("{FAE04EC0-301F-11D3-BF4B-00C04F79EFBC}") = "09. Fruit or Vegetable", "09. Fruit or Vegetable\09. Fruit or Vegetable.csproj", "{D09583C6-6427-460D-950E-84FDEC60306C}"
EndProject
Project("{FAE04EC0-301F-11D3-BF4B-00C04F79EFBC}") = "10. Invalid Number", "10. Invalid Number\10. Invalid Number.csproj", "{EBE6FA5D-4D2E-4305-AF70-F1BFC9DDE51C}"
EndProject
Project("{FAE04EC0-301F-11D3-BF4B-00C04F79EFBC}") = "11. Fruit Shop", "11. Fruit Shop\11. Fruit Shop.csproj", "{1E5DAE8A-C5EF-454C-9BD6-140E5E9CDD3C}"
EndProject
Project("{FAE04EC0-301F-11D3-BF4B-00C04F79EFBC}") = "12. Trade Commissions", "12. Trade Commissions\12. Trade Commissions.csproj", "{1CFFCC68-73CF-405C-9330-A97AC5B78F39}"
EndProject
Global
	GlobalSection(SolutionConfigurationPlatforms) = preSolution
		Debug|Any CPU = Debug|Any CPU
		Release|Any CPU = Release|Any CPU
	EndGlobalSection
	GlobalSection(ProjectConfigurationPlatforms) = postSolution
		{766E30B7-A1A0-4414-9325-FB60B6F78738}.Debug|Any CPU.ActiveCfg = Debug|Any CPU
		{766E30B7-A1A0-4414-9325-FB60B6F78738}.Debug|Any CPU.Build.0 = Debug|Any CPU
		{766E30B7-A1A0-4414-9325-FB60B6F78738}.Release|Any CPU.ActiveCfg = Release|Any CPU
		{766E30B7-A1A0-4414-9325-FB60B6F78738}.Release|Any CPU.Build.0 = Release|Any CPU
		{075155F8-E10B-425C-B56C-8B7C4CF14FCA}.Debug|Any CPU.ActiveCfg = Debug|Any CPU
		{075155F8-E10B-425C-B56C-8B7C4CF14FCA}.Debug|Any CPU.Build.0 = Debug|Any CPU
		{075155F8-E10B-425C-B56C-8B7C4CF14FCA}.Release|Any CPU.ActiveCfg = Release|Any CPU
		{075155F8-E10B-425C-B56C-8B7C4CF14FCA}.Release|Any CPU.Build.0 = Release|Any CPU
		{1E0CE148-CF46-45DD-B302-E8E9C290D07D}.Debug|Any CPU.ActiveCfg = Debug|Any CPU
		{1E0CE148-CF46-45DD-B302-E8E9C290D07D}.Debug|Any CPU.Build.0 = Debug|Any CPU
		{1E0CE148-CF46-45DD-B302-E8E9C290D07D}.Release|Any CPU.ActiveCfg = Release|Any CPU
		{1E0CE148-CF46-45DD-B302-E8E9C290D07D}.Release|Any CPU.Build.0 = Release|Any CPU
		{4BF28E1F-BD6C-4293-B63D-2F0A0E55D899}.Debug|Any CPU.ActiveCfg = Debug|Any CPU
		{4BF28E1F-BD6C-4293-B63D-2F0A0E55D899}.Debug|Any CPU.Build.0 = Debug|Any CPU
		{4BF28E1F-BD6C-4293-B63D-2F0A0E55D899}.Release|Any CPU.ActiveCfg = Release|Any CPU
		{4BF28E1F-BD6C-4293-B63D-2F0A0E55D899}.Release|Any CPU.Build.0 = Release|Any CPU
		{82A8BCC5-4C5C-40E8-922A-02BA58D4DFD5}.Debug|Any CPU.ActiveCfg = Debug|Any CPU
		{82A8BCC5-4C5C-40E8-922A-02BA58D4DFD5}.Debug|Any CPU.Build.0 = Debug|Any CPU
		{82A8BCC5-4C5C-40E8-922A-02BA58D4DFD5}.Release|Any CPU.ActiveCfg = Release|Any CPU
		{82A8BCC5-4C5C-40E8-922A-02BA58D4DFD5}.Release|Any CPU.Build.0 = Release|Any CPU
		{75B6A07E-FB37-41DF-8E7E-2965DCFE6AFE}.Debug|Any CPU.ActiveCfg = Debug|Any CPU
		{75B6A07E-FB37-41DF-8E7E-2965DCFE6AFE}.Debug|Any CPU.Build.0 = Debug|Any CPU
		{75B6A07E-FB37-41DF-8E7E-2965DCFE6AFE}.Release|Any CPU.ActiveCfg = Release|Any CPU
		{75B6A07E-FB37-41DF-8E7E-2965DCFE6AFE}.Release|Any CPU.Build.0 = Release|Any CPU
		{B06EDD70-0B51-4174-B6EE-1C18224FFAE4}.Debug|Any CPU.ActiveCfg = Debug|Any CPU
		{B06EDD70-0B51-4174-B6EE-1C18224FFAE4}.Debug|Any CPU.Build.0 = Debug|Any CPU
		{B06EDD70-0B51-4174-B6EE-1C18224FFAE4}.Release|Any CPU.ActiveCfg = Release|Any CPU
		{B06EDD70-0B51-4174-B6EE-1C18224FFAE4}.Release|Any CPU.Build.0 = Release|Any CPU
		{373C71AF-1F66-449A-B744-E73B659F8208}.Debug|Any CPU.ActiveCfg = Debug|Any CPU
		{373C71AF-1F66-449A-B744-E73B659F8208}.Debug|Any CPU.Build.0 = Debug|Any CPU
		{373C71AF-1F66-449A-B744-E73B659F8208}.Release|Any CPU.ActiveCfg = Release|Any CPU
		{373C71AF-1F66-449A-B744-E73B659F8208}.Release|Any CPU.Build.0 = Release|Any CPU
		{D09583C6-6427-460D-950E-84FDEC60306C}.Debug|Any CPU.ActiveCfg = Debug|Any CPU
		{D09583C6-6427-460D-950E-84FDEC60306C}.Debug|Any CPU.Build.0 = Debug|Any CPU
		{D09583C6-6427-460D-950E-84FDEC60306C}.Release|Any CPU.ActiveCfg = Release|Any CPU
		{D09583C6-6427-460D-950E-84FDEC60306C}.Release|Any CPU.Build.0 = Release|Any CPU
		{EBE6FA5D-4D2E-4305-AF70-F1BFC9DDE51C}.Debug|Any CPU.ActiveCfg = Debug|Any CPU
		{EBE6FA5D-4D2E-4305-AF70-F1BFC9DDE51C}.Debug|Any CPU.Build.0 = Debug|Any CPU
		{EBE6FA5D-4D2E-4305-AF70-F1BFC9DDE51C}.Release|Any CPU.ActiveCfg = Release|Any CPU
		{EBE6FA5D-4D2E-4305-AF70-F1BFC9DDE51C}.Release|Any CPU.Build.0 = Release|Any CPU
		{1E5DAE8A-C5EF-454C-9BD6-140E5E9CDD3C}.Debug|Any CPU.ActiveCfg = Debug|Any CPU
		{1E5DAE8A-C5EF-454C-9BD6-140E5E9CDD3C}.Debug|Any CPU.Build.0 = Debug|Any CPU
		{1E5DAE8A-C5EF-454C-9BD6-140E5E9CDD3C}.Release|Any CPU.ActiveCfg = Release|Any CPU
		{1E5DAE8A-C5EF-454C-9BD6-140E5E9CDD3C}.Release|Any CPU.Build.0 = Release|Any CPU
		{1CFFCC68-73CF-405C-9330-A97AC5B78F39}.Debug|Any CPU.ActiveCfg = Debug|Any CPU
		{1CFFCC68-73CF-405C-9330-A97AC5B78F39}.Debug|Any CPU.Build.0 = Debug|Any CPU
		{1CFFCC68-73CF-405C-9330-A97AC5B78F39}.Release|Any CPU.ActiveCfg = Release|Any CPU
		{1CFFCC68-73CF-405C-9330-A97AC5B78F39}.Release|Any CPU.Build.0 = Release|Any CPU
	EndGlobalSection
	GlobalSection(SolutionProperties) = preSolution
		HideSolutionNode = FALSE
	EndGlobalSection
	GlobalSection(ExtensibilityGlobals) = postSolution
		SolutionGuid = {674F7D71-F454-45EC-B243-28BE1EB2ED7E}
	EndGlobalSection
EndGlobal
